
Microsoft Visual Studio Solution File, Format Version 12.00
# Visual Studio Version 17
VisualStudioVersion = 17.11.35327.3
MinimumVisualStudioVersion = 10.0.40219.1
Project("{FAE04EC0-301F-11D3-BF4B-00C04F79EFBC}") = "DoctorsPEI", "DoctorsPEI.csproj", "{F90B28DD-8146-4DD2-8C23-BBB543E83B2B}"
EndProject
Global
	GlobalSection(SolutionConfigurationPlatforms) = preSolution
		Debug|Any CPU = Debug|Any CPU
		Release|Any CPU = Release|Any CPU
	EndGlobalSection
	GlobalSection(ProjectConfigurationPlatforms) = postSolution
		{F90B28DD-8146-4DD2-8C23-BBB543E83B2B}.Debug|Any CPU.ActiveCfg = Debug|Any CPU
		{F90B28DD-8146-4DD2-8C23-BBB543E83B2B}.Debug|Any CPU.Build.0 = Debug|Any CPU
		{F90B28DD-8146-4DD2-8C23-BBB543E83B2B}.Release|Any CPU.ActiveCfg = Release|Any CPU
		{F90B28DD-8146-4DD2-8C23-BBB543E83B2B}.Release|Any CPU.Build.0 = Release|Any CPU
	EndGlobalSection
	GlobalSection(SolutionProperties) = preSolution
		HideSolutionNode = FALSE
	EndGlobalSection
	GlobalSection(ExtensibilityGlobals) = postSolution
		SolutionGuid = {DFFC2813-904B-4206-9DB7-02213AD1919C}
	EndGlobalSection
EndGlobal
